
Microsoft Visual Studio Solution File, Format Version 12.00
# Visual Studio Version 17
VisualStudioVersion = 17.0.31903.59
MinimumVisualStudioVersion = 10.0.40219.1
Project("{2150E333-8FDC-42A3-9474-1A3956D46DE8}") = "simples", "simples", "{2459FB59-8A33-49A4-ADBC-A0B12C5886A6}"
EndProject
Project("{9A19103F-16F7-4668-BE54-9A1E7A4F7556}") = "JT808.Gateway.SimpleServer", "JT808.Gateway.SimpleServer\JT808.Gateway.SimpleServer.csproj", "{98E1CDD0-4D4E-48FE-968E-260F0CD5F4D3}"
EndProject
Project("{9A19103F-16F7-4668-BE54-9A1E7A4F7556}") = "JT808.Gateway.SimpleClient", "JT808.Gateway.SimpleClient\JT808.Gateway.SimpleClient.csproj", "{09AFAC3E-4E4D-4B51-962D-BF8489D8BEC6}"
EndProject
Project("{9A19103F-16F7-4668-BE54-9A1E7A4F7556}") = "JT808.Gateway.SimpleQueueServer", "JT808.Gateway.SimpleQueueServer\JT808.Gateway.SimpleQueueServer.csproj", "{8594AC7F-18B4-439D-B58B-1CEFF0833A1A}"
EndProject
Project("{9A19103F-16F7-4668-BE54-9A1E7A4F7556}") = "JT808.Gateway.SimpleQueueService", "JT808.Gateway.SimpleQueueService\JT808.Gateway.SimpleQueueService.csproj", "{E2D1CFEF-417A-4C44-BC2E-E5A160602485}"
EndProject
Project("{9A19103F-16F7-4668-BE54-9A1E7A4F7556}") = "JT808.Gateway.SimpleQueueNotification", "JT808.Gateway.SimpleQueueNotification\JT808.Gateway.SimpleQueueNotification.csproj", "{163D2EE2-9A62-4E8A-B203-BF147909E89A}"
EndProject
Project("{9A19103F-16F7-4668-BE54-9A1E7A4F7556}") = "JT808.Gateway.NBIotSimpleClient", "JT808.Gateway.NBIotSimpleClient\JT808.Gateway.NBIotSimpleClient.csproj", "{95F159E4-07A3-4736-9D05-2D88EE43FD5E}"
EndProject
Global
	GlobalSection(SolutionConfigurationPlatforms) = preSolution
		Debug|Any CPU = Debug|Any CPU
		Release|Any CPU = Release|Any CPU
	EndGlobalSection
	GlobalSection(ProjectConfigurationPlatforms) = postSolution
		{98E1CDD0-4D4E-48FE-968E-260F0CD5F4D3}.Debug|Any CPU.ActiveCfg = Debug|Any CPU
		{98E1CDD0-4D4E-48FE-968E-260F0CD5F4D3}.Debug|Any CPU.Build.0 = Debug|Any CPU
		{98E1CDD0-4D4E-48FE-968E-260F0CD5F4D3}.Release|Any CPU.ActiveCfg = Release|Any CPU
		{98E1CDD0-4D4E-48FE-968E-260F0CD5F4D3}.Release|Any CPU.Build.0 = Release|Any CPU
		{09AFAC3E-4E4D-4B51-962D-BF8489D8BEC6}.Debug|Any CPU.ActiveCfg = Debug|Any CPU
		{09AFAC3E-4E4D-4B51-962D-BF8489D8BEC6}.Debug|Any CPU.Build.0 = Debug|Any CPU
		{09AFAC3E-4E4D-4B51-962D-BF8489D8BEC6}.Release|Any CPU.ActiveCfg = Release|Any CPU
		{09AFAC3E-4E4D-4B51-962D-BF8489D8BEC6}.Release|Any CPU.Build.0 = Release|Any CPU
		{8594AC7F-18B4-439D-B58B-1CEFF0833A1A}.Debug|Any CPU.ActiveCfg = Debug|Any CPU
		{8594AC7F-18B4-439D-B58B-1CEFF0833A1A}.Debug|Any CPU.Build.0 = Debug|Any CPU
		{8594AC7F-18B4-439D-B58B-1CEFF0833A1A}.Release|Any CPU.ActiveCfg = Release|Any CPU
		{8594AC7F-18B4-439D-B58B-1CEFF0833A1A}.Release|Any CPU.Build.0 = Release|Any CPU
		{E2D1CFEF-417A-4C44-BC2E-E5A160602485}.Debug|Any CPU.ActiveCfg = Debug|Any CPU
		{E2D1CFEF-417A-4C44-BC2E-E5A160602485}.Debug|Any CPU.Build.0 = Debug|Any CPU
		{E2D1CFEF-417A-4C44-BC2E-E5A160602485}.Release|Any CPU.ActiveCfg = Release|Any CPU
		{E2D1CFEF-417A-4C44-BC2E-E5A160602485}.Release|Any CPU.Build.0 = Release|Any CPU
		{163D2EE2-9A62-4E8A-B203-BF147909E89A}.Debug|Any CPU.ActiveCfg = Debug|Any CPU
		{163D2EE2-9A62-4E8A-B203-BF147909E89A}.Debug|Any CPU.Build.0 = Debug|Any CPU
		{163D2EE2-9A62-4E8A-B203-BF147909E89A}.Release|Any CPU.ActiveCfg = Release|Any CPU
		{163D2EE2-9A62-4E8A-B203-BF147909E89A}.Release|Any CPU.Build.0 = Release|Any CPU
		{95F159E4-07A3-4736-9D05-2D88EE43FD5E}.Debug|Any CPU.ActiveCfg = Debug|Any CPU
		{95F159E4-07A3-4736-9D05-2D88EE43FD5E}.Debug|Any CPU.Build.0 = Debug|Any CPU
		{95F159E4-07A3-4736-9D05-2D88EE43FD5E}.Release|Any CPU.ActiveCfg = Release|Any CPU
		{95F159E4-07A3-4736-9D05-2D88EE43FD5E}.Release|Any CPU.Build.0 = Release|Any CPU
	EndGlobalSection
	GlobalSection(SolutionProperties) = preSolution
		HideSolutionNode = FALSE
	EndGlobalSection
	GlobalSection(NestedProjects) = preSolution
		{98E1CDD0-4D4E-48FE-968E-260F0CD5F4D3} = {2459FB59-8A33-49A4-ADBC-A0B12C5886A6}
		{09AFAC3E-4E4D-4B51-962D-BF8489D8BEC6} = {2459FB59-8A33-49A4-ADBC-A0B12C5886A6}
		{8594AC7F-18B4-439D-B58B-1CEFF0833A1A} = {2459FB59-8A33-49A4-ADBC-A0B12C5886A6}
		{E2D1CFEF-417A-4C44-BC2E-E5A160602485} = {2459FB59-8A33-49A4-ADBC-A0B12C5886A6}
		{163D2EE2-9A62-4E8A-B203-BF147909E89A} = {2459FB59-8A33-49A4-ADBC-A0B12C5886A6}
		{95F159E4-07A3-4736-9D05-2D88EE43FD5E} = {2459FB59-8A33-49A4-ADBC-A0B12C5886A6}
	EndGlobalSection
	GlobalSection(ExtensibilityGlobals) = postSolution
		SolutionGuid = {FC0FFCEA-E1EF-4C97-A1C5-F89418B6834B}
	EndGlobalSection
EndGlobal
