
Microsoft Visual Studio Solution File, Format Version 12.00
# Visual Studio Version 16
VisualStudioVersion = 16.0.28922.388
MinimumVisualStudioVersion = 10.0.40219.1
Project("{9A19103F-16F7-4668-BE54-9A1E7A4F7556}") = "JT808.DotNetty.Udp", "JT808.DotNetty.Udp\JT808.DotNetty.Udp.csproj", "{C960084C-2CF4-4748-AD35-D2384285D6A3}"
EndProject
Project("{9A19103F-16F7-4668-BE54-9A1E7A4F7556}") = "JT808.DotNetty.Core", "JT808.DotNetty.Core\JT808.DotNetty.Core.csproj", "{67C5DC72-0004-48B3-BB5A-9CB7069B4F02}"
EndProject
Project("{9A19103F-16F7-4668-BE54-9A1E7A4F7556}") = "JT808.DotNetty.Abstractions", "JT808.DotNetty.Abstractions\JT808.DotNetty.Abstractions.csproj", "{4DCF33C0-67C5-4179-AF1E-4E919F9F856D}"
EndProject
Project("{2150E333-8FDC-42A3-9474-1A3956D46DE8}") = "Tests", "Tests", "{3BD7FF02-8516-4A77-A385-9FDCDD792E22}"
EndProject
Project("{9A19103F-16F7-4668-BE54-9A1E7A4F7556}") = "JT808.DotNetty.Tcp", "JT808.DotNetty.Tcp\JT808.DotNetty.Tcp.csproj", "{330CD783-5564-4083-ABFC-573CDC369F50}"
EndProject
Project("{9A19103F-16F7-4668-BE54-9A1E7A4F7556}") = "JT808.DotNetty.WebApi", "JT808.DotNetty.WebApi\JT808.DotNetty.WebApi.csproj", "{B783DE53-CE2A-4225-921F-04E5E57B28F3}"
EndProject
Project("{9A19103F-16F7-4668-BE54-9A1E7A4F7556}") = "JT808.DotNetty.Core.Test", "JT808.DotNetty.Tests\JT808.DotNetty.Core.Test\JT808.DotNetty.Core.Test.csproj", "{1C4CCE9B-761B-4581-B5DA-5B6D83572D56}"
EndProject
Project("{9A19103F-16F7-4668-BE54-9A1E7A4F7556}") = "JT808.DotNetty.Tcp.Test", "JT808.DotNetty.Tests\JT808.DotNetty.Tcp.Test\JT808.DotNetty.Tcp.Test.csproj", "{AEF1E1E2-C861-4268-86F6-6F376FAF79A7}"
EndProject
Project("{9A19103F-16F7-4668-BE54-9A1E7A4F7556}") = "JT808.DotNetty.Udp.Test", "JT808.DotNetty.Tests\JT808.DotNetty.Udp.Test\JT808.DotNetty.Udp.Test.csproj", "{E503BFD8-D90A-4610-97C7-5B9A0497303B}"
EndProject
Project("{9A19103F-16F7-4668-BE54-9A1E7A4F7556}") = "JT808.DotNetty.WebApi.Test", "JT808.DotNetty.Tests\JT808.DotNetty.WebApi.Test\JT808.DotNetty.WebApi.Test.csproj", "{EDE77A29-0840-450C-8B08-2D3388845AE5}"
EndProject
Project("{9A19103F-16F7-4668-BE54-9A1E7A4F7556}") = "JT808.DotNetty.Hosting", "JT808.DotNetty.Tests\JT808.DotNetty.Hosting\JT808.DotNetty.Hosting.csproj", "{A0F2F006-5AEB-454E-83C5-ABFB58DE17A9}"
EndProject
Project("{9A19103F-16F7-4668-BE54-9A1E7A4F7556}") = "JT808.DotNetty.WebApiClientTool", "JT808.DotNetty.WebApiClientTool\JT808.DotNetty.WebApiClientTool.csproj", "{9D86C951-94F2-4CBD-B177-8AF31DDB05D8}"
EndProject
Project("{9A19103F-16F7-4668-BE54-9A1E7A4F7556}") = "JT808.DotNetty.Client", "JT808.DotNetty.Client\JT808.DotNetty.Client.csproj", "{87C08239-C57F-4FC5-9579-05D0723AA4A0}"
EndProject
Project("{2150E333-8FDC-42A3-9474-1A3956D46DE8}") = "simples", "simples", "{2459FB59-8A33-49A4-ADBC-A0B12C5886A6}"
EndProject
Project("{9A19103F-16F7-4668-BE54-9A1E7A4F7556}") = "JT808.DotNetty.SimpleClient", "..\simples\JT808.DotNetty.SimpleClient\JT808.DotNetty.SimpleClient.csproj", "{E6F61CE8-BFB4-4946-A0D3-AECCE77824E5}"
EndProject
Project("{9A19103F-16F7-4668-BE54-9A1E7A4F7556}") = "JT808.DotNetty.SimpleServer", "..\simples\JT808.DotNetty.SimpleServer\JT808.DotNetty.SimpleServer.csproj", "{CCE6AEFB-1AB0-4BD9-8EA2-8B4CDD097E88}"
EndProject
Project("{9A19103F-16F7-4668-BE54-9A1E7A4F7556}") = "JT808.DotNetty.CleintBenchmark", "JT808.DotNetty.CleintBenchmark\JT808.DotNetty.CleintBenchmark.csproj", "{C2B1A0F4-2C49-45DA-9F48-7A016FC6E9E1}"
EndProject
Global
	GlobalSection(SolutionConfigurationPlatforms) = preSolution
		Debug|Any CPU = Debug|Any CPU
		Release|Any CPU = Release|Any CPU
	EndGlobalSection
	GlobalSection(ProjectConfigurationPlatforms) = postSolution
		{C960084C-2CF4-4748-AD35-D2384285D6A3}.Debug|Any CPU.ActiveCfg = Debug|Any CPU
		{C960084C-2CF4-4748-AD35-D2384285D6A3}.Debug|Any CPU.Build.0 = Debug|Any CPU
		{C960084C-2CF4-4748-AD35-D2384285D6A3}.Release|Any CPU.ActiveCfg = Release|Any CPU
		{C960084C-2CF4-4748-AD35-D2384285D6A3}.Release|Any CPU.Build.0 = Release|Any CPU
		{67C5DC72-0004-48B3-BB5A-9CB7069B4F02}.Debug|Any CPU.ActiveCfg = Debug|Any CPU
		{67C5DC72-0004-48B3-BB5A-9CB7069B4F02}.Debug|Any CPU.Build.0 = Debug|Any CPU
		{67C5DC72-0004-48B3-BB5A-9CB7069B4F02}.Release|Any CPU.ActiveCfg = Release|Any CPU
		{67C5DC72-0004-48B3-BB5A-9CB7069B4F02}.Release|Any CPU.Build.0 = Release|Any CPU
		{4DCF33C0-67C5-4179-AF1E-4E919F9F856D}.Debug|Any CPU.ActiveCfg = Debug|Any CPU
		{4DCF33C0-67C5-4179-AF1E-4E919F9F856D}.Debug|Any CPU.Build.0 = Debug|Any CPU
		{4DCF33C0-67C5-4179-AF1E-4E919F9F856D}.Release|Any CPU.ActiveCfg = Release|Any CPU
		{4DCF33C0-67C5-4179-AF1E-4E919F9F856D}.Release|Any CPU.Build.0 = Release|Any CPU
		{330CD783-5564-4083-ABFC-573CDC369F50}.Debug|Any CPU.ActiveCfg = Debug|Any CPU
		{330CD783-5564-4083-ABFC-573CDC369F50}.Debug|Any CPU.Build.0 = Debug|Any CPU
		{330CD783-5564-4083-ABFC-573CDC369F50}.Release|Any CPU.ActiveCfg = Release|Any CPU
		{330CD783-5564-4083-ABFC-573CDC369F50}.Release|Any CPU.Build.0 = Release|Any CPU
		{B783DE53-CE2A-4225-921F-04E5E57B28F3}.Debug|Any CPU.ActiveCfg = Debug|Any CPU
		{B783DE53-CE2A-4225-921F-04E5E57B28F3}.Debug|Any CPU.Build.0 = Debug|Any CPU
		{B783DE53-CE2A-4225-921F-04E5E57B28F3}.Release|Any CPU.ActiveCfg = Release|Any CPU
		{B783DE53-CE2A-4225-921F-04E5E57B28F3}.Release|Any CPU.Build.0 = Release|Any CPU
		{1C4CCE9B-761B-4581-B5DA-5B6D83572D56}.Debug|Any CPU.ActiveCfg = Debug|Any CPU
		{1C4CCE9B-761B-4581-B5DA-5B6D83572D56}.Debug|Any CPU.Build.0 = Debug|Any CPU
		{1C4CCE9B-761B-4581-B5DA-5B6D83572D56}.Release|Any CPU.ActiveCfg = Release|Any CPU
		{1C4CCE9B-761B-4581-B5DA-5B6D83572D56}.Release|Any CPU.Build.0 = Release|Any CPU
		{AEF1E1E2-C861-4268-86F6-6F376FAF79A7}.Debug|Any CPU.ActiveCfg = Debug|Any CPU
		{AEF1E1E2-C861-4268-86F6-6F376FAF79A7}.Debug|Any CPU.Build.0 = Debug|Any CPU
		{AEF1E1E2-C861-4268-86F6-6F376FAF79A7}.Release|Any CPU.ActiveCfg = Release|Any CPU
		{AEF1E1E2-C861-4268-86F6-6F376FAF79A7}.Release|Any CPU.Build.0 = Release|Any CPU
		{E503BFD8-D90A-4610-97C7-5B9A0497303B}.Debug|Any CPU.ActiveCfg = Debug|Any CPU
		{E503BFD8-D90A-4610-97C7-5B9A0497303B}.Debug|Any CPU.Build.0 = Debug|Any CPU
		{E503BFD8-D90A-4610-97C7-5B9A0497303B}.Release|Any CPU.ActiveCfg = Release|Any CPU
		{E503BFD8-D90A-4610-97C7-5B9A0497303B}.Release|Any CPU.Build.0 = Release|Any CPU
		{EDE77A29-0840-450C-8B08-2D3388845AE5}.Debug|Any CPU.ActiveCfg = Debug|Any CPU
		{EDE77A29-0840-450C-8B08-2D3388845AE5}.Debug|Any CPU.Build.0 = Debug|Any CPU
		{EDE77A29-0840-450C-8B08-2D3388845AE5}.Release|Any CPU.ActiveCfg = Release|Any CPU
		{EDE77A29-0840-450C-8B08-2D3388845AE5}.Release|Any CPU.Build.0 = Release|Any CPU
		{A0F2F006-5AEB-454E-83C5-ABFB58DE17A9}.Debug|Any CPU.ActiveCfg = Debug|Any CPU
		{A0F2F006-5AEB-454E-83C5-ABFB58DE17A9}.Debug|Any CPU.Build.0 = Debug|Any CPU
		{A0F2F006-5AEB-454E-83C5-ABFB58DE17A9}.Release|Any CPU.ActiveCfg = Release|Any CPU
		{A0F2F006-5AEB-454E-83C5-ABFB58DE17A9}.Release|Any CPU.Build.0 = Release|Any CPU
		{9D86C951-94F2-4CBD-B177-8AF31DDB05D8}.Debug|Any CPU.ActiveCfg = Debug|Any CPU
		{9D86C951-94F2-4CBD-B177-8AF31DDB05D8}.Debug|Any CPU.Build.0 = Debug|Any CPU
		{9D86C951-94F2-4CBD-B177-8AF31DDB05D8}.Release|Any CPU.ActiveCfg = Release|Any CPU
		{9D86C951-94F2-4CBD-B177-8AF31DDB05D8}.Release|Any CPU.Build.0 = Release|Any CPU
		{87C08239-C57F-4FC5-9579-05D0723AA4A0}.Debug|Any CPU.ActiveCfg = Debug|Any CPU
		{87C08239-C57F-4FC5-9579-05D0723AA4A0}.Debug|Any CPU.Build.0 = Debug|Any CPU
		{87C08239-C57F-4FC5-9579-05D0723AA4A0}.Release|Any CPU.ActiveCfg = Release|Any CPU
		{87C08239-C57F-4FC5-9579-05D0723AA4A0}.Release|Any CPU.Build.0 = Release|Any CPU
		{E6F61CE8-BFB4-4946-A0D3-AECCE77824E5}.Debug|Any CPU.ActiveCfg = Debug|Any CPU
		{E6F61CE8-BFB4-4946-A0D3-AECCE77824E5}.Debug|Any CPU.Build.0 = Debug|Any CPU
		{E6F61CE8-BFB4-4946-A0D3-AECCE77824E5}.Release|Any CPU.ActiveCfg = Release|Any CPU
		{E6F61CE8-BFB4-4946-A0D3-AECCE77824E5}.Release|Any CPU.Build.0 = Release|Any CPU
		{CCE6AEFB-1AB0-4BD9-8EA2-8B4CDD097E88}.Debug|Any CPU.ActiveCfg = Debug|Any CPU
		{CCE6AEFB-1AB0-4BD9-8EA2-8B4CDD097E88}.Debug|Any CPU.Build.0 = Debug|Any CPU
		{CCE6AEFB-1AB0-4BD9-8EA2-8B4CDD097E88}.Release|Any CPU.ActiveCfg = Release|Any CPU
		{CCE6AEFB-1AB0-4BD9-8EA2-8B4CDD097E88}.Release|Any CPU.Build.0 = Release|Any CPU
		{C2B1A0F4-2C49-45DA-9F48-7A016FC6E9E1}.Debug|Any CPU.ActiveCfg = Debug|Any CPU
		{C2B1A0F4-2C49-45DA-9F48-7A016FC6E9E1}.Debug|Any CPU.Build.0 = Debug|Any CPU
		{C2B1A0F4-2C49-45DA-9F48-7A016FC6E9E1}.Release|Any CPU.ActiveCfg = Release|Any CPU
		{C2B1A0F4-2C49-45DA-9F48-7A016FC6E9E1}.Release|Any CPU.Build.0 = Release|Any CPU
	EndGlobalSection
	GlobalSection(SolutionProperties) = preSolution
		HideSolutionNode = FALSE
	EndGlobalSection
	GlobalSection(NestedProjects) = preSolution
		{1C4CCE9B-761B-4581-B5DA-5B6D83572D56} = {3BD7FF02-8516-4A77-A385-9FDCDD792E22}
		{AEF1E1E2-C861-4268-86F6-6F376FAF79A7} = {3BD7FF02-8516-4A77-A385-9FDCDD792E22}
		{E503BFD8-D90A-4610-97C7-5B9A0497303B} = {3BD7FF02-8516-4A77-A385-9FDCDD792E22}
		{EDE77A29-0840-450C-8B08-2D3388845AE5} = {3BD7FF02-8516-4A77-A385-9FDCDD792E22}
		{A0F2F006-5AEB-454E-83C5-ABFB58DE17A9} = {3BD7FF02-8516-4A77-A385-9FDCDD792E22}
		{E6F61CE8-BFB4-4946-A0D3-AECCE77824E5} = {2459FB59-8A33-49A4-ADBC-A0B12C5886A6}
		{CCE6AEFB-1AB0-4BD9-8EA2-8B4CDD097E88} = {2459FB59-8A33-49A4-ADBC-A0B12C5886A6}
	EndGlobalSection
	GlobalSection(ExtensibilityGlobals) = postSolution
		SolutionGuid = {FC0FFCEA-E1EF-4C97-A1C5-F89418B6834B}
	EndGlobalSection
EndGlobal
