
Microsoft Visual Studio Solution File, Format Version 12.00
# Visual Studio 15
VisualStudioVersion = 15.0.28307.168
MinimumVisualStudioVersion = 10.0.40219.1
Project("{2150E333-8FDC-42A3-9474-1A3956D46DE8}") = "src", "src", "{0D20F469-7269-4D64-A3C6-BE08700EEDEB}"
EndProject
Project("{9A19103F-16F7-4668-BE54-9A1E7A4F7556}") = "JT808.Protocol", "JT808.Protocol\src\JT808.Protocol\JT808.Protocol.csproj", "{2F2FF360-A037-4C73-AF42-D252F1B86BD6}"
EndProject
Project("{9A19103F-16F7-4668-BE54-9A1E7A4F7556}") = "JT808.DotNetty.Abstractions", "JT808.DotNetty.Abstractions\JT808.DotNetty.Abstractions.csproj", "{A9B7B882-29D4-4B75-9546-EAA0D216EDBB}"
EndProject
Project("{9A19103F-16F7-4668-BE54-9A1E7A4F7556}") = "JT808.DotNetty.Dashbord.GrpcProtocol", "JT808.DotNetty.Admin\JT808.DotNetty.Dashbord.GrpcProtocol\JT808.DotNetty.Dashbord.GrpcProtocol.csproj", "{32D8C95A-C1EA-4EE9-BC7B-47533DD4D5D2}"
EndProject
Project("{9A19103F-16F7-4668-BE54-9A1E7A4F7556}") = "JT808.DotNetty.Dashbord", "JT808.DotNetty.Admin\JT808.DotNetty.Dashbord\JT808.DotNetty.Dashbord.csproj", "{80D1505D-44E1-4128-8900-B5C0AE7C69E5}"
EndProject
Global
	GlobalSection(SolutionConfigurationPlatforms) = preSolution
		Debug|Any CPU = Debug|Any CPU
		Release|Any CPU = Release|Any CPU
	EndGlobalSection
	GlobalSection(ProjectConfigurationPlatforms) = postSolution
		{2F2FF360-A037-4C73-AF42-D252F1B86BD6}.Debug|Any CPU.ActiveCfg = Debug|Any CPU
		{2F2FF360-A037-4C73-AF42-D252F1B86BD6}.Debug|Any CPU.Build.0 = Debug|Any CPU
		{2F2FF360-A037-4C73-AF42-D252F1B86BD6}.Release|Any CPU.ActiveCfg = Release|Any CPU
		{2F2FF360-A037-4C73-AF42-D252F1B86BD6}.Release|Any CPU.Build.0 = Release|Any CPU
		{A9B7B882-29D4-4B75-9546-EAA0D216EDBB}.Debug|Any CPU.ActiveCfg = Debug|Any CPU
		{A9B7B882-29D4-4B75-9546-EAA0D216EDBB}.Debug|Any CPU.Build.0 = Debug|Any CPU
		{A9B7B882-29D4-4B75-9546-EAA0D216EDBB}.Release|Any CPU.ActiveCfg = Release|Any CPU
		{A9B7B882-29D4-4B75-9546-EAA0D216EDBB}.Release|Any CPU.Build.0 = Release|Any CPU
		{32D8C95A-C1EA-4EE9-BC7B-47533DD4D5D2}.Debug|Any CPU.ActiveCfg = Debug|Any CPU
		{32D8C95A-C1EA-4EE9-BC7B-47533DD4D5D2}.Debug|Any CPU.Build.0 = Debug|Any CPU
		{32D8C95A-C1EA-4EE9-BC7B-47533DD4D5D2}.Release|Any CPU.ActiveCfg = Release|Any CPU
		{32D8C95A-C1EA-4EE9-BC7B-47533DD4D5D2}.Release|Any CPU.Build.0 = Release|Any CPU
		{80D1505D-44E1-4128-8900-B5C0AE7C69E5}.Debug|Any CPU.ActiveCfg = Debug|Any CPU
		{80D1505D-44E1-4128-8900-B5C0AE7C69E5}.Debug|Any CPU.Build.0 = Debug|Any CPU
		{80D1505D-44E1-4128-8900-B5C0AE7C69E5}.Release|Any CPU.ActiveCfg = Release|Any CPU
		{80D1505D-44E1-4128-8900-B5C0AE7C69E5}.Release|Any CPU.Build.0 = Release|Any CPU
	EndGlobalSection
	GlobalSection(SolutionProperties) = preSolution
		HideSolutionNode = FALSE
	EndGlobalSection
	GlobalSection(NestedProjects) = preSolution
		{2F2FF360-A037-4C73-AF42-D252F1B86BD6} = {0D20F469-7269-4D64-A3C6-BE08700EEDEB}
		{A9B7B882-29D4-4B75-9546-EAA0D216EDBB} = {0D20F469-7269-4D64-A3C6-BE08700EEDEB}
	EndGlobalSection
	GlobalSection(ExtensibilityGlobals) = postSolution
		SolutionGuid = {0DDBE27F-708F-46DC-837F-BEF34A50A0B1}
	EndGlobalSection
EndGlobal
