
Microsoft Visual Studio Solution File, Format Version 12.00
# Visual Studio Version 16
VisualStudioVersion = 16.0.28922.388
MinimumVisualStudioVersion = 10.0.40219.1
Project("{9A19103F-16F7-4668-BE54-9A1E7A4F7556}") = "JT808.DotNetty.Udp", "JT808.DotNetty.Udp\JT808.DotNetty.Udp.csproj", "{C960084C-2CF4-4748-AD35-D2384285D6A3}"
EndProject
Project("{9A19103F-16F7-4668-BE54-9A1E7A4F7556}") = "JT808.DotNetty.Core", "JT808.DotNetty.Core\JT808.DotNetty.Core.csproj", "{67C5DC72-0004-48B3-BB5A-9CB7069B4F02}"
EndProject
Project("{9A19103F-16F7-4668-BE54-9A1E7A4F7556}") = "JT808.DotNetty.Abstractions", "JT808.DotNetty.Abstractions\JT808.DotNetty.Abstractions.csproj", "{4DCF33C0-67C5-4179-AF1E-4E919F9F856D}"
EndProject
Project("{2150E333-8FDC-42A3-9474-1A3956D46DE8}") = "Tests", "Tests", "{3BD7FF02-8516-4A77-A385-9FDCDD792E22}"
EndProject
Project("{9A19103F-16F7-4668-BE54-9A1E7A4F7556}") = "JT808.DotNetty.Tcp", "JT808.DotNetty.Tcp\JT808.DotNetty.Tcp.csproj", "{330CD783-5564-4083-ABFC-573CDC369F50}"
EndProject
Project("{9A19103F-16F7-4668-BE54-9A1E7A4F7556}") = "JT808.DotNetty.WebApi", "JT808.DotNetty.WebApi\JT808.DotNetty.WebApi.csproj", "{B783DE53-CE2A-4225-921F-04E5E57B28F3}"
EndProject
Project("{9A19103F-16F7-4668-BE54-9A1E7A4F7556}") = "JT808.DotNetty.Core.Test", "JT808.DotNetty.Tests\JT808.DotNetty.Core.Test\JT808.DotNetty.Core.Test.csproj", "{1C4CCE9B-761B-4581-B5DA-5B6D83572D56}"
EndProject
Project("{9A19103F-16F7-4668-BE54-9A1E7A4F7556}") = "JT808.DotNetty.Tcp.Test", "JT808.DotNetty.Tests\JT808.DotNetty.Tcp.Test\JT808.DotNetty.Tcp.Test.csproj", "{AEF1E1E2-C861-4268-86F6-6F376FAF79A7}"
EndProject
Project("{9A19103F-16F7-4668-BE54-9A1E7A4F7556}") = "JT808.DotNetty.Udp.Test", "JT808.DotNetty.Tests\JT808.DotNetty.Udp.Test\JT808.DotNetty.Udp.Test.csproj", "{E503BFD8-D90A-4610-97C7-5B9A0497303B}"
EndProject
Project("{9A19103F-16F7-4668-BE54-9A1E7A4F7556}") = "JT808.DotNetty.Hosting", "JT808.DotNetty.Tests\JT808.DotNetty.Hosting\JT808.DotNetty.Hosting.csproj", "{A0F2F006-5AEB-454E-83C5-ABFB58DE17A9}"
EndProject
Project("{9A19103F-16F7-4668-BE54-9A1E7A4F7556}") = "JT808.DotNetty.WebApiClientTool", "JT808.DotNetty.WebApiClientTool\JT808.DotNetty.WebApiClientTool.csproj", "{9D86C951-94F2-4CBD-B177-8AF31DDB05D8}"
EndProject
Project("{9A19103F-16F7-4668-BE54-9A1E7A4F7556}") = "JT808.DotNetty.Client", "JT808.DotNetty.Client\JT808.DotNetty.Client.csproj", "{87C08239-C57F-4FC5-9579-05D0723AA4A0}"
EndProject
Project("{9A19103F-16F7-4668-BE54-9A1E7A4F7556}") = "JT808.DotNetty.CleintBenchmark", "JT808.DotNetty.CleintBenchmark\JT808.DotNetty.CleintBenchmark.csproj", "{C2B1A0F4-2C49-45DA-9F48-7A016FC6E9E1}"
EndProject
Project("{9A19103F-16F7-4668-BE54-9A1E7A4F7556}") = "JT808.DotNetty.Kafka", "JT808.DotNetty.Kafka\JT808.DotNetty.Kafka.csproj", "{576A8394-AA60-4DAE-864B-D4BBB67B8E75}"
EndProject
Project("{9A19103F-16F7-4668-BE54-9A1E7A4F7556}") = "JT808.DotNetty.Kafka.Test", "JT808.DotNetty.Tests\JT808.DotNetty.Kafka.Test\JT808.DotNetty.Kafka.Test.csproj", "{50A94BD5-5CDF-4777-AE4C-80BA769AEDAB}"
EndProject
Project("{2150E333-8FDC-42A3-9474-1A3956D46DE8}") = "Services", "Services", "{7F077BD5-8E4C-402A-9E24-DECAF251A420}"
EndProject
Project("{9A19103F-16F7-4668-BE54-9A1E7A4F7556}") = "JT808.DotNetty.Transmit", "JT808.DotNetty.Services\JT808.DotNetty.Transmit\JT808.DotNetty.Transmit.csproj", "{0E2326F8-4C96-446B-9B91-285635870171}"
EndProject
Project("{9A19103F-16F7-4668-BE54-9A1E7A4F7556}") = "JT808.DotNetty.ReplyMessage.Test", "JT808.DotNetty.Services.Tests\JT808.DotNetty.ReplyMessage.Test\JT808.DotNetty.ReplyMessage.Test.csproj", "{4C01B160-543B-4659-B99C-B9C774B3DEE9}"
EndProject
Project("{9A19103F-16F7-4668-BE54-9A1E7A4F7556}") = "JT808.DotNetty.Traffic.Test", "JT808.DotNetty.Services.Tests\JT808.DotNetty.Traffic.Test\JT808.DotNetty.Traffic.Test.csproj", "{24E3A6DD-0BC4-4EDA-AC40-B07371BB5FDB}"
EndProject
Project("{9A19103F-16F7-4668-BE54-9A1E7A4F7556}") = "JT808.DotNetty.SessionNotice.Test", "JT808.DotNetty.Services.Tests\JT808.DotNetty.SessionNotice.Test\JT808.DotNetty.SessionNotice.Test.csproj", "{81DE821F-0780-44B4-B02D-72998ECA6BD2}"
EndProject
Project("{9A19103F-16F7-4668-BE54-9A1E7A4F7556}") = "JT808.DotNetty.Transmit.Test", "JT808.DotNetty.Services.Tests\JT808.DotNetty.Transmit.Test\JT808.DotNetty.Transmit.Test.csproj", "{EE5EF8D4-8B61-4706-81BB-412F643E8F51}"
EndProject
Project("{9A19103F-16F7-4668-BE54-9A1E7A4F7556}") = "JT808.DotNetty.MsgLogging.Test", "JT808.DotNetty.Services.Tests\JT808.DotNetty.MsgLogging.Test\JT808.DotNetty.MsgLogging.Test.csproj", "{591D7974-9AF5-41E2-9B3C-B271EE682943}"
EndProject
Project("{9A19103F-16F7-4668-BE54-9A1E7A4F7556}") = "JT808.DotNetty.MsgIdHandler.Test", "JT808.DotNetty.Services.Tests\JT808.DotNetty.MsgIdHandler.Test\JT808.DotNetty.MsgIdHandler.Test.csproj", "{B5C872E6-4187-479A-B3BA-CCE76A225DE9}"
EndProject
Project("{9A19103F-16F7-4668-BE54-9A1E7A4F7556}") = "JT808.DotNetty.MsgIdHandler", "JT808.DotNetty.Services\JT808.DotNetty.MsgIdHandler\JT808.DotNetty.MsgIdHandler.csproj", "{081E805B-CDB7-48AB-89D7-136D94A9A413}"
EndProject
Project("{9A19103F-16F7-4668-BE54-9A1E7A4F7556}") = "JT808.DotNetty.MsgLogging", "JT808.DotNetty.Services\JT808.DotNetty.MsgLogging\JT808.DotNetty.MsgLogging.csproj", "{8F84D633-DE73-4267-B05F-06740B9C1EA6}"
EndProject
Project("{9A19103F-16F7-4668-BE54-9A1E7A4F7556}") = "JT808.DotNetty.ReplyMessage", "JT808.DotNetty.Services\JT808.DotNetty.ReplyMessage\JT808.DotNetty.ReplyMessage.csproj", "{DDB299EC-6817-495F-8CF0-FBB9408AF6A4}"
EndProject
Project("{9A19103F-16F7-4668-BE54-9A1E7A4F7556}") = "JT808.DotNetty.SessionNotice", "JT808.DotNetty.Services\JT808.DotNetty.SessionNotice\JT808.DotNetty.SessionNotice.csproj", "{A30A0671-FC46-4BEC-A6F9-DC2400CA7F3A}"
EndProject
Project("{9A19103F-16F7-4668-BE54-9A1E7A4F7556}") = "JT808.DotNetty.Traffic", "JT808.DotNetty.Services\JT808.DotNetty.Traffic\JT808.DotNetty.Traffic.csproj", "{60B5BD57-1529-4D06-8FAD-0C6427AAF3CA}"
EndProject
Project("{9A19103F-16F7-4668-BE54-9A1E7A4F7556}") = "JT808.DotNetty.WebApi.Test", "JT808.DotNetty.Tests\JT808.DotNetty.WebApi.Test\JT808.DotNetty.WebApi.Test.csproj", "{864A21E9-39F1-4B6C-9F95-3347454A7198}"
EndProject
Global
	GlobalSection(SolutionConfigurationPlatforms) = preSolution
		Debug|Any CPU = Debug|Any CPU
		Release|Any CPU = Release|Any CPU
	EndGlobalSection
	GlobalSection(ProjectConfigurationPlatforms) = postSolution
		{C960084C-2CF4-4748-AD35-D2384285D6A3}.Debug|Any CPU.ActiveCfg = Debug|Any CPU
		{C960084C-2CF4-4748-AD35-D2384285D6A3}.Debug|Any CPU.Build.0 = Debug|Any CPU
		{C960084C-2CF4-4748-AD35-D2384285D6A3}.Release|Any CPU.ActiveCfg = Release|Any CPU
		{C960084C-2CF4-4748-AD35-D2384285D6A3}.Release|Any CPU.Build.0 = Release|Any CPU
		{67C5DC72-0004-48B3-BB5A-9CB7069B4F02}.Debug|Any CPU.ActiveCfg = Debug|Any CPU
		{67C5DC72-0004-48B3-BB5A-9CB7069B4F02}.Debug|Any CPU.Build.0 = Debug|Any CPU
		{67C5DC72-0004-48B3-BB5A-9CB7069B4F02}.Release|Any CPU.ActiveCfg = Release|Any CPU
		{67C5DC72-0004-48B3-BB5A-9CB7069B4F02}.Release|Any CPU.Build.0 = Release|Any CPU
		{4DCF33C0-67C5-4179-AF1E-4E919F9F856D}.Debug|Any CPU.ActiveCfg = Debug|Any CPU
		{4DCF33C0-67C5-4179-AF1E-4E919F9F856D}.Debug|Any CPU.Build.0 = Debug|Any CPU
		{4DCF33C0-67C5-4179-AF1E-4E919F9F856D}.Release|Any CPU.ActiveCfg = Release|Any CPU
		{4DCF33C0-67C5-4179-AF1E-4E919F9F856D}.Release|Any CPU.Build.0 = Release|Any CPU
		{330CD783-5564-4083-ABFC-573CDC369F50}.Debug|Any CPU.ActiveCfg = Debug|Any CPU
		{330CD783-5564-4083-ABFC-573CDC369F50}.Debug|Any CPU.Build.0 = Debug|Any CPU
		{330CD783-5564-4083-ABFC-573CDC369F50}.Release|Any CPU.ActiveCfg = Release|Any CPU
		{330CD783-5564-4083-ABFC-573CDC369F50}.Release|Any CPU.Build.0 = Release|Any CPU
		{B783DE53-CE2A-4225-921F-04E5E57B28F3}.Debug|Any CPU.ActiveCfg = Debug|Any CPU
		{B783DE53-CE2A-4225-921F-04E5E57B28F3}.Debug|Any CPU.Build.0 = Debug|Any CPU
		{B783DE53-CE2A-4225-921F-04E5E57B28F3}.Release|Any CPU.ActiveCfg = Release|Any CPU
		{B783DE53-CE2A-4225-921F-04E5E57B28F3}.Release|Any CPU.Build.0 = Release|Any CPU
		{1C4CCE9B-761B-4581-B5DA-5B6D83572D56}.Debug|Any CPU.ActiveCfg = Debug|Any CPU
		{1C4CCE9B-761B-4581-B5DA-5B6D83572D56}.Debug|Any CPU.Build.0 = Debug|Any CPU
		{1C4CCE9B-761B-4581-B5DA-5B6D83572D56}.Release|Any CPU.ActiveCfg = Release|Any CPU
		{1C4CCE9B-761B-4581-B5DA-5B6D83572D56}.Release|Any CPU.Build.0 = Release|Any CPU
		{AEF1E1E2-C861-4268-86F6-6F376FAF79A7}.Debug|Any CPU.ActiveCfg = Debug|Any CPU
		{AEF1E1E2-C861-4268-86F6-6F376FAF79A7}.Debug|Any CPU.Build.0 = Debug|Any CPU
		{AEF1E1E2-C861-4268-86F6-6F376FAF79A7}.Release|Any CPU.ActiveCfg = Release|Any CPU
		{AEF1E1E2-C861-4268-86F6-6F376FAF79A7}.Release|Any CPU.Build.0 = Release|Any CPU
		{E503BFD8-D90A-4610-97C7-5B9A0497303B}.Debug|Any CPU.ActiveCfg = Debug|Any CPU
		{E503BFD8-D90A-4610-97C7-5B9A0497303B}.Debug|Any CPU.Build.0 = Debug|Any CPU
		{E503BFD8-D90A-4610-97C7-5B9A0497303B}.Release|Any CPU.ActiveCfg = Release|Any CPU
		{E503BFD8-D90A-4610-97C7-5B9A0497303B}.Release|Any CPU.Build.0 = Release|Any CPU
		{A0F2F006-5AEB-454E-83C5-ABFB58DE17A9}.Debug|Any CPU.ActiveCfg = Debug|Any CPU
		{A0F2F006-5AEB-454E-83C5-ABFB58DE17A9}.Debug|Any CPU.Build.0 = Debug|Any CPU
		{A0F2F006-5AEB-454E-83C5-ABFB58DE17A9}.Release|Any CPU.ActiveCfg = Release|Any CPU
		{A0F2F006-5AEB-454E-83C5-ABFB58DE17A9}.Release|Any CPU.Build.0 = Release|Any CPU
		{9D86C951-94F2-4CBD-B177-8AF31DDB05D8}.Debug|Any CPU.ActiveCfg = Debug|Any CPU
		{9D86C951-94F2-4CBD-B177-8AF31DDB05D8}.Debug|Any CPU.Build.0 = Debug|Any CPU
		{9D86C951-94F2-4CBD-B177-8AF31DDB05D8}.Release|Any CPU.ActiveCfg = Release|Any CPU
		{9D86C951-94F2-4CBD-B177-8AF31DDB05D8}.Release|Any CPU.Build.0 = Release|Any CPU
		{87C08239-C57F-4FC5-9579-05D0723AA4A0}.Debug|Any CPU.ActiveCfg = Debug|Any CPU
		{87C08239-C57F-4FC5-9579-05D0723AA4A0}.Debug|Any CPU.Build.0 = Debug|Any CPU
		{87C08239-C57F-4FC5-9579-05D0723AA4A0}.Release|Any CPU.ActiveCfg = Release|Any CPU
		{87C08239-C57F-4FC5-9579-05D0723AA4A0}.Release|Any CPU.Build.0 = Release|Any CPU
		{C2B1A0F4-2C49-45DA-9F48-7A016FC6E9E1}.Debug|Any CPU.ActiveCfg = Debug|Any CPU
		{C2B1A0F4-2C49-45DA-9F48-7A016FC6E9E1}.Debug|Any CPU.Build.0 = Debug|Any CPU
		{C2B1A0F4-2C49-45DA-9F48-7A016FC6E9E1}.Release|Any CPU.ActiveCfg = Release|Any CPU
		{C2B1A0F4-2C49-45DA-9F48-7A016FC6E9E1}.Release|Any CPU.Build.0 = Release|Any CPU
		{576A8394-AA60-4DAE-864B-D4BBB67B8E75}.Debug|Any CPU.ActiveCfg = Debug|Any CPU
		{576A8394-AA60-4DAE-864B-D4BBB67B8E75}.Debug|Any CPU.Build.0 = Debug|Any CPU
		{576A8394-AA60-4DAE-864B-D4BBB67B8E75}.Release|Any CPU.ActiveCfg = Release|Any CPU
		{576A8394-AA60-4DAE-864B-D4BBB67B8E75}.Release|Any CPU.Build.0 = Release|Any CPU
		{50A94BD5-5CDF-4777-AE4C-80BA769AEDAB}.Debug|Any CPU.ActiveCfg = Debug|Any CPU
		{50A94BD5-5CDF-4777-AE4C-80BA769AEDAB}.Debug|Any CPU.Build.0 = Debug|Any CPU
		{50A94BD5-5CDF-4777-AE4C-80BA769AEDAB}.Release|Any CPU.ActiveCfg = Release|Any CPU
		{50A94BD5-5CDF-4777-AE4C-80BA769AEDAB}.Release|Any CPU.Build.0 = Release|Any CPU
		{0E2326F8-4C96-446B-9B91-285635870171}.Debug|Any CPU.ActiveCfg = Debug|Any CPU
		{0E2326F8-4C96-446B-9B91-285635870171}.Debug|Any CPU.Build.0 = Debug|Any CPU
		{0E2326F8-4C96-446B-9B91-285635870171}.Release|Any CPU.ActiveCfg = Release|Any CPU
		{0E2326F8-4C96-446B-9B91-285635870171}.Release|Any CPU.Build.0 = Release|Any CPU
		{4C01B160-543B-4659-B99C-B9C774B3DEE9}.Debug|Any CPU.ActiveCfg = Debug|Any CPU
		{4C01B160-543B-4659-B99C-B9C774B3DEE9}.Debug|Any CPU.Build.0 = Debug|Any CPU
		{4C01B160-543B-4659-B99C-B9C774B3DEE9}.Release|Any CPU.ActiveCfg = Release|Any CPU
		{4C01B160-543B-4659-B99C-B9C774B3DEE9}.Release|Any CPU.Build.0 = Release|Any CPU
		{24E3A6DD-0BC4-4EDA-AC40-B07371BB5FDB}.Debug|Any CPU.ActiveCfg = Debug|Any CPU
		{24E3A6DD-0BC4-4EDA-AC40-B07371BB5FDB}.Debug|Any CPU.Build.0 = Debug|Any CPU
		{24E3A6DD-0BC4-4EDA-AC40-B07371BB5FDB}.Release|Any CPU.ActiveCfg = Release|Any CPU
		{24E3A6DD-0BC4-4EDA-AC40-B07371BB5FDB}.Release|Any CPU.Build.0 = Release|Any CPU
		{81DE821F-0780-44B4-B02D-72998ECA6BD2}.Debug|Any CPU.ActiveCfg = Debug|Any CPU
		{81DE821F-0780-44B4-B02D-72998ECA6BD2}.Debug|Any CPU.Build.0 = Debug|Any CPU
		{81DE821F-0780-44B4-B02D-72998ECA6BD2}.Release|Any CPU.ActiveCfg = Release|Any CPU
		{81DE821F-0780-44B4-B02D-72998ECA6BD2}.Release|Any CPU.Build.0 = Release|Any CPU
		{EE5EF8D4-8B61-4706-81BB-412F643E8F51}.Debug|Any CPU.ActiveCfg = Debug|Any CPU
		{EE5EF8D4-8B61-4706-81BB-412F643E8F51}.Debug|Any CPU.Build.0 = Debug|Any CPU
		{EE5EF8D4-8B61-4706-81BB-412F643E8F51}.Release|Any CPU.ActiveCfg = Release|Any CPU
		{EE5EF8D4-8B61-4706-81BB-412F643E8F51}.Release|Any CPU.Build.0 = Release|Any CPU
		{591D7974-9AF5-41E2-9B3C-B271EE682943}.Debug|Any CPU.ActiveCfg = Debug|Any CPU
		{591D7974-9AF5-41E2-9B3C-B271EE682943}.Debug|Any CPU.Build.0 = Debug|Any CPU
		{591D7974-9AF5-41E2-9B3C-B271EE682943}.Release|Any CPU.ActiveCfg = Release|Any CPU
		{591D7974-9AF5-41E2-9B3C-B271EE682943}.Release|Any CPU.Build.0 = Release|Any CPU
		{B5C872E6-4187-479A-B3BA-CCE76A225DE9}.Debug|Any CPU.ActiveCfg = Debug|Any CPU
		{B5C872E6-4187-479A-B3BA-CCE76A225DE9}.Debug|Any CPU.Build.0 = Debug|Any CPU
		{B5C872E6-4187-479A-B3BA-CCE76A225DE9}.Release|Any CPU.ActiveCfg = Release|Any CPU
		{B5C872E6-4187-479A-B3BA-CCE76A225DE9}.Release|Any CPU.Build.0 = Release|Any CPU
		{081E805B-CDB7-48AB-89D7-136D94A9A413}.Debug|Any CPU.ActiveCfg = Debug|Any CPU
		{081E805B-CDB7-48AB-89D7-136D94A9A413}.Debug|Any CPU.Build.0 = Debug|Any CPU
		{081E805B-CDB7-48AB-89D7-136D94A9A413}.Release|Any CPU.ActiveCfg = Release|Any CPU
		{081E805B-CDB7-48AB-89D7-136D94A9A413}.Release|Any CPU.Build.0 = Release|Any CPU
		{8F84D633-DE73-4267-B05F-06740B9C1EA6}.Debug|Any CPU.ActiveCfg = Debug|Any CPU
		{8F84D633-DE73-4267-B05F-06740B9C1EA6}.Debug|Any CPU.Build.0 = Debug|Any CPU
		{8F84D633-DE73-4267-B05F-06740B9C1EA6}.Release|Any CPU.ActiveCfg = Release|Any CPU
		{8F84D633-DE73-4267-B05F-06740B9C1EA6}.Release|Any CPU.Build.0 = Release|Any CPU
		{DDB299EC-6817-495F-8CF0-FBB9408AF6A4}.Debug|Any CPU.ActiveCfg = Debug|Any CPU
		{DDB299EC-6817-495F-8CF0-FBB9408AF6A4}.Debug|Any CPU.Build.0 = Debug|Any CPU
		{DDB299EC-6817-495F-8CF0-FBB9408AF6A4}.Release|Any CPU.ActiveCfg = Release|Any CPU
		{DDB299EC-6817-495F-8CF0-FBB9408AF6A4}.Release|Any CPU.Build.0 = Release|Any CPU
		{A30A0671-FC46-4BEC-A6F9-DC2400CA7F3A}.Debug|Any CPU.ActiveCfg = Debug|Any CPU
		{A30A0671-FC46-4BEC-A6F9-DC2400CA7F3A}.Debug|Any CPU.Build.0 = Debug|Any CPU
		{A30A0671-FC46-4BEC-A6F9-DC2400CA7F3A}.Release|Any CPU.ActiveCfg = Release|Any CPU
		{A30A0671-FC46-4BEC-A6F9-DC2400CA7F3A}.Release|Any CPU.Build.0 = Release|Any CPU
		{60B5BD57-1529-4D06-8FAD-0C6427AAF3CA}.Debug|Any CPU.ActiveCfg = Debug|Any CPU
		{60B5BD57-1529-4D06-8FAD-0C6427AAF3CA}.Debug|Any CPU.Build.0 = Debug|Any CPU
		{60B5BD57-1529-4D06-8FAD-0C6427AAF3CA}.Release|Any CPU.ActiveCfg = Release|Any CPU
		{60B5BD57-1529-4D06-8FAD-0C6427AAF3CA}.Release|Any CPU.Build.0 = Release|Any CPU
		{864A21E9-39F1-4B6C-9F95-3347454A7198}.Debug|Any CPU.ActiveCfg = Debug|Any CPU
		{864A21E9-39F1-4B6C-9F95-3347454A7198}.Debug|Any CPU.Build.0 = Debug|Any CPU
		{864A21E9-39F1-4B6C-9F95-3347454A7198}.Release|Any CPU.ActiveCfg = Release|Any CPU
		{864A21E9-39F1-4B6C-9F95-3347454A7198}.Release|Any CPU.Build.0 = Release|Any CPU
	EndGlobalSection
	GlobalSection(SolutionProperties) = preSolution
		HideSolutionNode = FALSE
	EndGlobalSection
	GlobalSection(NestedProjects) = preSolution
		{1C4CCE9B-761B-4581-B5DA-5B6D83572D56} = {3BD7FF02-8516-4A77-A385-9FDCDD792E22}
		{AEF1E1E2-C861-4268-86F6-6F376FAF79A7} = {3BD7FF02-8516-4A77-A385-9FDCDD792E22}
		{E503BFD8-D90A-4610-97C7-5B9A0497303B} = {3BD7FF02-8516-4A77-A385-9FDCDD792E22}
		{A0F2F006-5AEB-454E-83C5-ABFB58DE17A9} = {3BD7FF02-8516-4A77-A385-9FDCDD792E22}
		{50A94BD5-5CDF-4777-AE4C-80BA769AEDAB} = {3BD7FF02-8516-4A77-A385-9FDCDD792E22}
		{0E2326F8-4C96-446B-9B91-285635870171} = {7F077BD5-8E4C-402A-9E24-DECAF251A420}
		{4C01B160-543B-4659-B99C-B9C774B3DEE9} = {7F077BD5-8E4C-402A-9E24-DECAF251A420}
		{24E3A6DD-0BC4-4EDA-AC40-B07371BB5FDB} = {7F077BD5-8E4C-402A-9E24-DECAF251A420}
		{81DE821F-0780-44B4-B02D-72998ECA6BD2} = {7F077BD5-8E4C-402A-9E24-DECAF251A420}
		{EE5EF8D4-8B61-4706-81BB-412F643E8F51} = {7F077BD5-8E4C-402A-9E24-DECAF251A420}
		{591D7974-9AF5-41E2-9B3C-B271EE682943} = {7F077BD5-8E4C-402A-9E24-DECAF251A420}
		{B5C872E6-4187-479A-B3BA-CCE76A225DE9} = {7F077BD5-8E4C-402A-9E24-DECAF251A420}
		{081E805B-CDB7-48AB-89D7-136D94A9A413} = {7F077BD5-8E4C-402A-9E24-DECAF251A420}
		{8F84D633-DE73-4267-B05F-06740B9C1EA6} = {7F077BD5-8E4C-402A-9E24-DECAF251A420}
		{DDB299EC-6817-495F-8CF0-FBB9408AF6A4} = {7F077BD5-8E4C-402A-9E24-DECAF251A420}
		{A30A0671-FC46-4BEC-A6F9-DC2400CA7F3A} = {7F077BD5-8E4C-402A-9E24-DECAF251A420}
		{60B5BD57-1529-4D06-8FAD-0C6427AAF3CA} = {7F077BD5-8E4C-402A-9E24-DECAF251A420}
		{864A21E9-39F1-4B6C-9F95-3347454A7198} = {3BD7FF02-8516-4A77-A385-9FDCDD792E22}
	EndGlobalSection
	GlobalSection(ExtensibilityGlobals) = postSolution
		SolutionGuid = {FC0FFCEA-E1EF-4C97-A1C5-F89418B6834B}
	EndGlobalSection
EndGlobal
