
Microsoft Visual Studio Solution File, Format Version 12.00
# Visual Studio Version 16
VisualStudioVersion = 16.0.29409.12
MinimumVisualStudioVersion = 10.0.40219.1
Project("{9A19103F-16F7-4668-BE54-9A1E7A4F7556}") = "JT808.Gateway", "JT808.Gateway\JT808.Gateway.csproj", "{4C8A2546-8333-416D-B123-91062B630087}"
EndProject
Project("{9A19103F-16F7-4668-BE54-9A1E7A4F7556}") = "JT808.Gateway.TestHosting", "JT808.Gateway.TestHosting\JT808.Gateway.TestHosting.csproj", "{AE40AFE0-0950-442C-A74C-10CDF53E9F36}"
EndProject
Project("{9A19103F-16F7-4668-BE54-9A1E7A4F7556}") = "JT808.Gateway.Abstractions", "JT808.Gateway.Abstractions\JT808.Gateway.Abstractions.csproj", "{3AA17DF7-A1B3-449C-93C2-45B051C32933}"
EndProject
Project("{9A19103F-16F7-4668-BE54-9A1E7A4F7556}") = "JT808.Gateway.Kafka", "JT808.Gateway.Kafka\JT808.Gateway.Kafka.csproj", "{274C048E-A8E3-4422-A578-A10A97DF36F2}"
EndProject
Project("{2150E333-8FDC-42A3-9474-1A3956D46DE8}") = "Services", "Services", "{3EF8490D-C993-49D8-8A3D-493B7F259D70}"
EndProject
Project("{9A19103F-16F7-4668-BE54-9A1E7A4F7556}") = "JT808.Gateway.MsgIdHandler", "JT808.Gateway.Services\JT808.Gateway.MsgIdHandler\JT808.Gateway.MsgIdHandler.csproj", "{D62E3054-6924-4F1A-9BEF-E52B191F16B6}"
EndProject
Project("{9A19103F-16F7-4668-BE54-9A1E7A4F7556}") = "JT808.Gateway.MsgLogging", "JT808.Gateway.Services\JT808.Gateway.MsgLogging\JT808.Gateway.MsgLogging.csproj", "{A242A839-4F00-4434-A7E8-7E3BEBA5B75C}"
EndProject
Project("{9A19103F-16F7-4668-BE54-9A1E7A4F7556}") = "JT808.Gateway.SessionNotice", "JT808.Gateway.Services\JT808.Gateway.SessionNotice\JT808.Gateway.SessionNotice.csproj", "{1CB84599-5F56-4461-A451-DF16E3854AB9}"
EndProject
Project("{9A19103F-16F7-4668-BE54-9A1E7A4F7556}") = "JT808.Gateway.ReplyMessage", "JT808.Gateway.Services\JT808.Gateway.ReplyMessage\JT808.Gateway.ReplyMessage.csproj", "{604BB5CF-9ED1-4D78-9328-59436E2B4EB4}"
EndProject
Project("{9A19103F-16F7-4668-BE54-9A1E7A4F7556}") = "JT808.Gateway.Transmit", "JT808.Gateway.Services\JT808.Gateway.Transmit\JT808.Gateway.Transmit.csproj", "{598E445A-AF2E-42F0-98F4-18EC22E473FC}"
EndProject
Project("{9A19103F-16F7-4668-BE54-9A1E7A4F7556}") = "JT808.Gateway.Traffic", "JT808.Gateway.Services\JT808.Gateway.Traffic\JT808.Gateway.Traffic.csproj", "{8FCC6D65-8A49-4AE7-8B19-F255100849D6}"
EndProject
Project("{9A19103F-16F7-4668-BE54-9A1E7A4F7556}") = "JT808.Gateway.InMemoryMQ", "JT808.Gateway.InMemoryMQ\JT808.Gateway.InMemoryMQ.csproj", "{F7460E8F-B23E-4407-8802-375DE37BED00}"
EndProject
Project("{9A19103F-16F7-4668-BE54-9A1E7A4F7556}") = "JT808.Gateway.Client", "JT808.Gateway.Client\JT808.Gateway.Client.csproj", "{AC3070AC-A938-4213-A562-C079BB4A3F9E}"
EndProject
Project("{2150E333-8FDC-42A3-9474-1A3956D46DE8}") = "Tests", "Tests", "{7CBAACEE-19BF-499A-8C41-36A1324D45E9}"
EndProject
Project("{9A19103F-16F7-4668-BE54-9A1E7A4F7556}") = "JT808.Gateway.Test", "JT808.Gateway.Test\JT808.Gateway.Test.csproj", "{1E230D1B-BDFC-4D0A-9B34-592280A723BD}"
EndProject
Project("{9A19103F-16F7-4668-BE54-9A1E7A4F7556}") = "JT808.Gateway.CleintBenchmark", "JT808.Gateway.CleintBenchmark\JT808.Gateway.CleintBenchmark.csproj", "{0FBC9E4F-8585-4820-ACF1-145A14B3A727}"
EndProject
Global
	GlobalSection(SolutionConfigurationPlatforms) = preSolution
		Debug|Any CPU = Debug|Any CPU
		Release|Any CPU = Release|Any CPU
	EndGlobalSection
	GlobalSection(ProjectConfigurationPlatforms) = postSolution
		{4C8A2546-8333-416D-B123-91062B630087}.Debug|Any CPU.ActiveCfg = Debug|Any CPU
		{4C8A2546-8333-416D-B123-91062B630087}.Debug|Any CPU.Build.0 = Debug|Any CPU
		{4C8A2546-8333-416D-B123-91062B630087}.Release|Any CPU.ActiveCfg = Release|Any CPU
		{4C8A2546-8333-416D-B123-91062B630087}.Release|Any CPU.Build.0 = Release|Any CPU
		{AE40AFE0-0950-442C-A74C-10CDF53E9F36}.Debug|Any CPU.ActiveCfg = Debug|Any CPU
		{AE40AFE0-0950-442C-A74C-10CDF53E9F36}.Debug|Any CPU.Build.0 = Debug|Any CPU
		{AE40AFE0-0950-442C-A74C-10CDF53E9F36}.Release|Any CPU.ActiveCfg = Release|Any CPU
		{AE40AFE0-0950-442C-A74C-10CDF53E9F36}.Release|Any CPU.Build.0 = Release|Any CPU
		{3AA17DF7-A1B3-449C-93C2-45B051C32933}.Debug|Any CPU.ActiveCfg = Debug|Any CPU
		{3AA17DF7-A1B3-449C-93C2-45B051C32933}.Debug|Any CPU.Build.0 = Debug|Any CPU
		{3AA17DF7-A1B3-449C-93C2-45B051C32933}.Release|Any CPU.ActiveCfg = Release|Any CPU
		{3AA17DF7-A1B3-449C-93C2-45B051C32933}.Release|Any CPU.Build.0 = Release|Any CPU
		{274C048E-A8E3-4422-A578-A10A97DF36F2}.Debug|Any CPU.ActiveCfg = Debug|Any CPU
		{274C048E-A8E3-4422-A578-A10A97DF36F2}.Debug|Any CPU.Build.0 = Debug|Any CPU
		{274C048E-A8E3-4422-A578-A10A97DF36F2}.Release|Any CPU.ActiveCfg = Release|Any CPU
		{274C048E-A8E3-4422-A578-A10A97DF36F2}.Release|Any CPU.Build.0 = Release|Any CPU
		{D62E3054-6924-4F1A-9BEF-E52B191F16B6}.Debug|Any CPU.ActiveCfg = Debug|Any CPU
		{D62E3054-6924-4F1A-9BEF-E52B191F16B6}.Debug|Any CPU.Build.0 = Debug|Any CPU
		{D62E3054-6924-4F1A-9BEF-E52B191F16B6}.Release|Any CPU.ActiveCfg = Release|Any CPU
		{D62E3054-6924-4F1A-9BEF-E52B191F16B6}.Release|Any CPU.Build.0 = Release|Any CPU
		{A242A839-4F00-4434-A7E8-7E3BEBA5B75C}.Debug|Any CPU.ActiveCfg = Debug|Any CPU
		{A242A839-4F00-4434-A7E8-7E3BEBA5B75C}.Debug|Any CPU.Build.0 = Debug|Any CPU
		{A242A839-4F00-4434-A7E8-7E3BEBA5B75C}.Release|Any CPU.ActiveCfg = Release|Any CPU
		{A242A839-4F00-4434-A7E8-7E3BEBA5B75C}.Release|Any CPU.Build.0 = Release|Any CPU
		{1CB84599-5F56-4461-A451-DF16E3854AB9}.Debug|Any CPU.ActiveCfg = Debug|Any CPU
		{1CB84599-5F56-4461-A451-DF16E3854AB9}.Debug|Any CPU.Build.0 = Debug|Any CPU
		{1CB84599-5F56-4461-A451-DF16E3854AB9}.Release|Any CPU.ActiveCfg = Release|Any CPU
		{1CB84599-5F56-4461-A451-DF16E3854AB9}.Release|Any CPU.Build.0 = Release|Any CPU
		{604BB5CF-9ED1-4D78-9328-59436E2B4EB4}.Debug|Any CPU.ActiveCfg = Debug|Any CPU
		{604BB5CF-9ED1-4D78-9328-59436E2B4EB4}.Debug|Any CPU.Build.0 = Debug|Any CPU
		{604BB5CF-9ED1-4D78-9328-59436E2B4EB4}.Release|Any CPU.ActiveCfg = Release|Any CPU
		{604BB5CF-9ED1-4D78-9328-59436E2B4EB4}.Release|Any CPU.Build.0 = Release|Any CPU
		{598E445A-AF2E-42F0-98F4-18EC22E473FC}.Debug|Any CPU.ActiveCfg = Debug|Any CPU
		{598E445A-AF2E-42F0-98F4-18EC22E473FC}.Debug|Any CPU.Build.0 = Debug|Any CPU
		{598E445A-AF2E-42F0-98F4-18EC22E473FC}.Release|Any CPU.ActiveCfg = Release|Any CPU
		{598E445A-AF2E-42F0-98F4-18EC22E473FC}.Release|Any CPU.Build.0 = Release|Any CPU
		{8FCC6D65-8A49-4AE7-8B19-F255100849D6}.Debug|Any CPU.ActiveCfg = Debug|Any CPU
		{8FCC6D65-8A49-4AE7-8B19-F255100849D6}.Debug|Any CPU.Build.0 = Debug|Any CPU
		{8FCC6D65-8A49-4AE7-8B19-F255100849D6}.Release|Any CPU.ActiveCfg = Release|Any CPU
		{8FCC6D65-8A49-4AE7-8B19-F255100849D6}.Release|Any CPU.Build.0 = Release|Any CPU
		{F7460E8F-B23E-4407-8802-375DE37BED00}.Debug|Any CPU.ActiveCfg = Debug|Any CPU
		{F7460E8F-B23E-4407-8802-375DE37BED00}.Debug|Any CPU.Build.0 = Debug|Any CPU
		{F7460E8F-B23E-4407-8802-375DE37BED00}.Release|Any CPU.ActiveCfg = Release|Any CPU
		{F7460E8F-B23E-4407-8802-375DE37BED00}.Release|Any CPU.Build.0 = Release|Any CPU
		{AC3070AC-A938-4213-A562-C079BB4A3F9E}.Debug|Any CPU.ActiveCfg = Debug|Any CPU
		{AC3070AC-A938-4213-A562-C079BB4A3F9E}.Debug|Any CPU.Build.0 = Debug|Any CPU
		{AC3070AC-A938-4213-A562-C079BB4A3F9E}.Release|Any CPU.ActiveCfg = Release|Any CPU
		{AC3070AC-A938-4213-A562-C079BB4A3F9E}.Release|Any CPU.Build.0 = Release|Any CPU
		{1E230D1B-BDFC-4D0A-9B34-592280A723BD}.Debug|Any CPU.ActiveCfg = Debug|Any CPU
		{1E230D1B-BDFC-4D0A-9B34-592280A723BD}.Debug|Any CPU.Build.0 = Debug|Any CPU
		{1E230D1B-BDFC-4D0A-9B34-592280A723BD}.Release|Any CPU.ActiveCfg = Release|Any CPU
		{1E230D1B-BDFC-4D0A-9B34-592280A723BD}.Release|Any CPU.Build.0 = Release|Any CPU
		{0FBC9E4F-8585-4820-ACF1-145A14B3A727}.Debug|Any CPU.ActiveCfg = Debug|Any CPU
		{0FBC9E4F-8585-4820-ACF1-145A14B3A727}.Debug|Any CPU.Build.0 = Debug|Any CPU
		{0FBC9E4F-8585-4820-ACF1-145A14B3A727}.Release|Any CPU.ActiveCfg = Release|Any CPU
		{0FBC9E4F-8585-4820-ACF1-145A14B3A727}.Release|Any CPU.Build.0 = Release|Any CPU
	EndGlobalSection
	GlobalSection(SolutionProperties) = preSolution
		HideSolutionNode = FALSE
	EndGlobalSection
	GlobalSection(NestedProjects) = preSolution
		{AE40AFE0-0950-442C-A74C-10CDF53E9F36} = {7CBAACEE-19BF-499A-8C41-36A1324D45E9}
		{D62E3054-6924-4F1A-9BEF-E52B191F16B6} = {3EF8490D-C993-49D8-8A3D-493B7F259D70}
		{A242A839-4F00-4434-A7E8-7E3BEBA5B75C} = {3EF8490D-C993-49D8-8A3D-493B7F259D70}
		{1CB84599-5F56-4461-A451-DF16E3854AB9} = {3EF8490D-C993-49D8-8A3D-493B7F259D70}
		{604BB5CF-9ED1-4D78-9328-59436E2B4EB4} = {3EF8490D-C993-49D8-8A3D-493B7F259D70}
		{598E445A-AF2E-42F0-98F4-18EC22E473FC} = {3EF8490D-C993-49D8-8A3D-493B7F259D70}
		{8FCC6D65-8A49-4AE7-8B19-F255100849D6} = {3EF8490D-C993-49D8-8A3D-493B7F259D70}
		{1E230D1B-BDFC-4D0A-9B34-592280A723BD} = {7CBAACEE-19BF-499A-8C41-36A1324D45E9}
	EndGlobalSection
	GlobalSection(ExtensibilityGlobals) = postSolution
		SolutionGuid = {AA9303A7-6FB3-4572-88AA-3302E85330D1}
	EndGlobalSection
EndGlobal
